
Microsoft Visual Studio Solution File, Format Version 12.00
# Visual Studio Version 17
VisualStudioVersion = 17.11.35222.181
MinimumVisualStudioVersion = 10.0.40219.1
Project("{2150E333-8FDC-42A3-9474-1A3956D46DE8}") = "Task0", "Task0", "{1C338D31-D3CF-4528-9749-4C649D7E07AB}"
EndProject
Project("{9A19103F-16F7-4668-BE54-9A1E7A4F7556}") = "Tyuiu.SavtsovNE.Sprint5.Task0.V27.Lib", "Tyuiu.SavtsovNE.Sprint5.Task0.V27.Lib\Tyuiu.SavtsovNE.Sprint5.Task0.V27.Lib.csproj", "{DBFEC595-C94F-4549-8B95-1060D9CAEF5B}"
EndProject
Project("{9A19103F-16F7-4668-BE54-9A1E7A4F7556}") = "Tyuiu.SavtsovNE.Sprint5.Task0.V27.Test", "Tyuiu.SavtsovNE.Sprint5.Task0.V27.Test\Tyuiu.SavtsovNE.Sprint5.Task0.V27.Test.csproj", "{A8A8B77B-9B7B-4E31-8FCF-62AE866E0EDA}"
EndProject
Project("{9A19103F-16F7-4668-BE54-9A1E7A4F7556}") = "Tyuiu.SavtsovNE.Sprint5.Task0.V27", "Tyuiu.SavtsovNE.Sprint5.Task0.V27\Tyuiu.SavtsovNE.Sprint5.Task0.V27.csproj", "{9C721378-83FA-4F96-8C0C-29348A57E567}"
EndProject
Project("{2150E333-8FDC-42A3-9474-1A3956D46DE8}") = "Task1", "Task1", "{688FFA99-E918-41CE-9624-08C0828303B3}"
EndProject
Project("{9A19103F-16F7-4668-BE54-9A1E7A4F7556}") = "Tyuiu.SavtsovNE.Sprint5.Task1.V11", "Tyuiu.SavtsovNE.Sprint5.Task1.V11\Tyuiu.SavtsovNE.Sprint5.Task1.V11.csproj", "{970F9AA7-48D5-45C0-8D31-2211FBAEF0F8}"
EndProject
Project("{9A19103F-16F7-4668-BE54-9A1E7A4F7556}") = "Tyuiu.SavtsovNE.Sprint5.Task1.V11.Test", "Tyuiu.SavtsovNE.Sprint5.Task1.V11.Test\Tyuiu.SavtsovNE.Sprint5.Task1.V11.Test.csproj", "{B3EC6E15-5374-44D9-86B0-613D0239DA02}"
EndProject
Project("{9A19103F-16F7-4668-BE54-9A1E7A4F7556}") = "Tyuiu.SavtsovNE.Sprint5.Task1.V11.Lib", "Tyuiu.SavtsovNE.Sprint5.Task1.V11.Lib\Tyuiu.SavtsovNE.Sprint5.Task1.V11.Lib.csproj", "{01A15F30-5BE3-460E-96A0-6015B01BDE9A}"
EndProject
Project("{2150E333-8FDC-42A3-9474-1A3956D46DE8}") = "Task2", "Task2", "{E63CB574-D2AA-4DF3-9746-6C1AFF661CA7}"
EndProject
Project("{9A19103F-16F7-4668-BE54-9A1E7A4F7556}") = "Tyuiu.SavtsovNE.Sprint5.Task2.V4.Lib", "Tyuiu.SavtsovNE.Sprint5.Task2.V4.Lib\Tyuiu.SavtsovNE.Sprint5.Task2.V4.Lib.csproj", "{4C647671-B59E-4238-BA05-03D599F805E2}"
EndProject
Project("{9A19103F-16F7-4668-BE54-9A1E7A4F7556}") = "Tyuiu.SavtsovNE.Sprint5.Task2.V4.Test", "Tyuiu.SavtsovNE.Sprint5.Task2.V4.Test\Tyuiu.SavtsovNE.Sprint5.Task2.V4.Test.csproj", "{C8E28263-8A58-474C-8D7E-7DD7F3B8C3C8}"
EndProject
Project("{9A19103F-16F7-4668-BE54-9A1E7A4F7556}") = "Tyuiu.SavtsovNE.Sprint5.Task2.V4", "Tyuiu.SavtsovNE.Sprint5.Task2.V4\Tyuiu.SavtsovNE.Sprint5.Task2.V4.csproj", "{632B6C46-DFE0-4E86-B09E-4930E68038EB}"
EndProject
Project("{2150E333-8FDC-42A3-9474-1A3956D46DE8}") = "Task3", "Task3", "{F2E52D1A-CC98-44DA-A938-22E504D6B12B}"
EndProject
Project("{FAE04EC0-301F-11D3-BF4B-00C04F79EFBC}") = "Tyuiu.SavtsovNE.Sprint5.Task3.V30", "Tyuiu.SavtsovNE.Sprint5.Task3.V30\Tyuiu.SavtsovNE.Sprint5.Task3.V30.csproj", "{6566B2B3-A4AC-428C-97CA-EB1DE598B100}"
EndProject
Project("{FAE04EC0-301F-11D3-BF4B-00C04F79EFBC}") = "Tyuiu.SavtsovNE.Sprint5.Task3.V30.Test", "Tyuiu.SavtsovNE.Sprint5.Task3.V30.Test\Tyuiu.SavtsovNE.Sprint5.Task3.V30.Test.csproj", "{43C6B486-AFDB-4D71-9F13-91886BA62666}"
EndProject
Project("{FAE04EC0-301F-11D3-BF4B-00C04F79EFBC}") = "Tyuiu.SavtsovNE.Sprint5.Task3.V30.Lib", "Tyuiu.SavtsovNE.Sprint5.Task3.V30.Lib\Tyuiu.SavtsovNE.Sprint5.Task3.V30.Lib.csproj", "{11D01CC5-998D-4DE4-8E82-7EAC9C1A689C}"
EndProject
Project("{2150E333-8FDC-42A3-9474-1A3956D46DE8}") = "Task4", "Task4", "{D1AD6968-0C63-43B8-B2F2-00D38EEC691A}"
EndProject
Project("{FAE04EC0-301F-11D3-BF4B-00C04F79EFBC}") = "Tyuiu.SavtsovNE.Sprint5.Task4.V29.Lib", "Tyuiu.SavtsovNE.Sprint5.Task4.V29.Lib\Tyuiu.SavtsovNE.Sprint5.Task4.V29.Lib.csproj", "{0468B636-5FFE-4E47-8DF1-5A56069B5FF0}"
EndProject
Project("{FAE04EC0-301F-11D3-BF4B-00C04F79EFBC}") = "Tyuiu.SavtsovNE.Sprint5.Task4.V29.Test", "Tyuiu.SavtsovNE.Sprint5.Task4.V29.Test\Tyuiu.SavtsovNE.Sprint5.Task4.V29.Test.csproj", "{44023FBC-2A10-4D6D-B8CD-8E70A4E4B6A1}"
EndProject
Project("{FAE04EC0-301F-11D3-BF4B-00C04F79EFBC}") = "Tyuiu.SavtsovNE.Sprint5.Task4.V29", "Tyuiu.SavtsovNE.Sprint5.Task4.V29\Tyuiu.SavtsovNE.Sprint5.Task4.V29.csproj", "{96D64694-36C9-47BE-9FD8-F75F4B9A6BF9}"
EndProject
Project("{2150E333-8FDC-42A3-9474-1A3956D46DE8}") = "Task5", "Task5", "{F48B65E6-A275-47C1-B9D3-63DE8C8D1497}"
EndProject
Project("{FAE04EC0-301F-11D3-BF4B-00C04F79EFBC}") = "Tyuiu.SavtsovNE.Sprint5.Task5.V24.Test", "Tyuiu.SavtsovNE.Sprint5.Task5.V24.Test\Tyuiu.SavtsovNE.Sprint5.Task5.V24.Test.csproj", "{C5A0AA94-A712-42D9-A6F1-C655661DAB02}"
EndProject
Project("{FAE04EC0-301F-11D3-BF4B-00C04F79EFBC}") = "Tyuiu.SavtsovNE.Sprint5.Task5.V24.Lib", "Tyuiu.SavtsovNE.Sprint5.Task5.V24.Lib\Tyuiu.SavtsovNE.Sprint5.Task5.V24.Lib.csproj", "{0C169C80-72B3-47EF-B53C-78DA4940A6A8}"
EndProject
Project("{FAE04EC0-301F-11D3-BF4B-00C04F79EFBC}") = "Tyuiu.SavtsovNE.Sprint5.Task5.V24", "Tyuiu.SavtsovNE.Sprint5.Task5.V24\Tyuiu.SavtsovNE.Sprint5.Task5.V24.csproj", "{8EF05F04-6F68-4EE5-B310-D555C488F118}"
EndProject
Project("{2150E333-8FDC-42A3-9474-1A3956D46DE8}") = "Task6", "Task6", "{4D91D151-0B78-49CF-B5E1-7C7E77111656}"
EndProject
Project("{FAE04EC0-301F-11D3-BF4B-00C04F79EFBC}") = "Tyuiu.SavtsovNE.Sprint5.Task6.V19", "Tyuiu.SavtsovNE.Sprint5.Task6.V19\Tyuiu.SavtsovNE.Sprint5.Task6.V19.csproj", "{616C592A-3B58-43CD-88DD-8A5BFE124F00}"
EndProject
Project("{FAE04EC0-301F-11D3-BF4B-00C04F79EFBC}") = "Tyuiu.SavtsovNE.Sprint5.Task6.V19.Lib", "Tyuiu.SavtsovNE.Sprint5.Task6.V19.Lib\Tyuiu.SavtsovNE.Sprint5.Task6.V19.Lib.csproj", "{A510AA50-907B-4752-84AA-946FC76A433F}"
EndProject
Project("{FAE04EC0-301F-11D3-BF4B-00C04F79EFBC}") = "Tyuiu.SavtsovNE.Sprint5.Task6.V19.Test", "Tyuiu.SavtsovNE.Sprint5.Task6.V19.Test\Tyuiu.SavtsovNE.Sprint5.Task6.V19.Test.csproj", "{ECB41099-9DC7-4ACC-BCC0-364176CB63AE}"
EndProject
Project("{2150E333-8FDC-42A3-9474-1A3956D46DE8}") = "Task7", "Task7", "{4DE2364D-695B-466B-B150-6C7746F01FF3}"
EndProject
Project("{FAE04EC0-301F-11D3-BF4B-00C04F79EFBC}") = "Tyuiu.SavtsovNE.Sprint5.Task7.V5.Test", "Tyuiu.SavtsovNE.Sprint5.Task7.V5.Test\Tyuiu.SavtsovNE.Sprint5.Task7.V5.Test.csproj", "{DA1D8028-8D8D-4ACB-BED7-A6516D45CCF8}"
EndProject
Project("{FAE04EC0-301F-11D3-BF4B-00C04F79EFBC}") = "Tyuiu.SavtsovNE.Sprint5.Task7.V5.Lib", "Tyuiu.SavtsovNE.Sprint5.Task7.V5.Lib\Tyuiu.SavtsovNE.Sprint5.Task7.V5.Lib.csproj", "{F0ECFCCA-59C2-4C77-934E-B6517E7D524F}"
EndProject
Project("{FAE04EC0-301F-11D3-BF4B-00C04F79EFBC}") = "Tyuiu.SavtsovNE.Sprint5.Task7.V5", "Tyuiu.SavtsovNE.Sprint5.Task7.V5\Tyuiu.SavtsovNE.Sprint5.Task7.V5.csproj", "{F8F5666E-D2F2-4BF1-8441-786B5D1A47F6}"
EndProject
Global
	GlobalSection(SolutionConfigurationPlatforms) = preSolution
		Debug|Any CPU = Debug|Any CPU
		Release|Any CPU = Release|Any CPU
	EndGlobalSection
	GlobalSection(ProjectConfigurationPlatforms) = postSolution
		{DBFEC595-C94F-4549-8B95-1060D9CAEF5B}.Debug|Any CPU.ActiveCfg = Debug|Any CPU
		{DBFEC595-C94F-4549-8B95-1060D9CAEF5B}.Debug|Any CPU.Build.0 = Debug|Any CPU
		{DBFEC595-C94F-4549-8B95-1060D9CAEF5B}.Release|Any CPU.ActiveCfg = Release|Any CPU
		{DBFEC595-C94F-4549-8B95-1060D9CAEF5B}.Release|Any CPU.Build.0 = Release|Any CPU
		{A8A8B77B-9B7B-4E31-8FCF-62AE866E0EDA}.Debug|Any CPU.ActiveCfg = Debug|Any CPU
		{A8A8B77B-9B7B-4E31-8FCF-62AE866E0EDA}.Debug|Any CPU.Build.0 = Debug|Any CPU
		{A8A8B77B-9B7B-4E31-8FCF-62AE866E0EDA}.Release|Any CPU.ActiveCfg = Release|Any CPU
		{A8A8B77B-9B7B-4E31-8FCF-62AE866E0EDA}.Release|Any CPU.Build.0 = Release|Any CPU
		{9C721378-83FA-4F96-8C0C-29348A57E567}.Debug|Any CPU.ActiveCfg = Debug|Any CPU
		{9C721378-83FA-4F96-8C0C-29348A57E567}.Debug|Any CPU.Build.0 = Debug|Any CPU
		{9C721378-83FA-4F96-8C0C-29348A57E567}.Release|Any CPU.ActiveCfg = Release|Any CPU
		{9C721378-83FA-4F96-8C0C-29348A57E567}.Release|Any CPU.Build.0 = Release|Any CPU
		{970F9AA7-48D5-45C0-8D31-2211FBAEF0F8}.Debug|Any CPU.ActiveCfg = Debug|Any CPU
		{970F9AA7-48D5-45C0-8D31-2211FBAEF0F8}.Debug|Any CPU.Build.0 = Debug|Any CPU
		{970F9AA7-48D5-45C0-8D31-2211FBAEF0F8}.Release|Any CPU.ActiveCfg = Release|Any CPU
		{970F9AA7-48D5-45C0-8D31-2211FBAEF0F8}.Release|Any CPU.Build.0 = Release|Any CPU
		{B3EC6E15-5374-44D9-86B0-613D0239DA02}.Debug|Any CPU.ActiveCfg = Debug|Any CPU
		{B3EC6E15-5374-44D9-86B0-613D0239DA02}.Debug|Any CPU.Build.0 = Debug|Any CPU
		{B3EC6E15-5374-44D9-86B0-613D0239DA02}.Release|Any CPU.ActiveCfg = Release|Any CPU
		{B3EC6E15-5374-44D9-86B0-613D0239DA02}.Release|Any CPU.Build.0 = Release|Any CPU
		{01A15F30-5BE3-460E-96A0-6015B01BDE9A}.Debug|Any CPU.ActiveCfg = Debug|Any CPU
		{01A15F30-5BE3-460E-96A0-6015B01BDE9A}.Debug|Any CPU.Build.0 = Debug|Any CPU
		{01A15F30-5BE3-460E-96A0-6015B01BDE9A}.Release|Any CPU.ActiveCfg = Release|Any CPU
		{01A15F30-5BE3-460E-96A0-6015B01BDE9A}.Release|Any CPU.Build.0 = Release|Any CPU
		{4C647671-B59E-4238-BA05-03D599F805E2}.Debug|Any CPU.ActiveCfg = Debug|Any CPU
		{4C647671-B59E-4238-BA05-03D599F805E2}.Debug|Any CPU.Build.0 = Debug|Any CPU
		{4C647671-B59E-4238-BA05-03D599F805E2}.Release|Any CPU.ActiveCfg = Release|Any CPU
		{4C647671-B59E-4238-BA05-03D599F805E2}.Release|Any CPU.Build.0 = Release|Any CPU
		{C8E28263-8A58-474C-8D7E-7DD7F3B8C3C8}.Debug|Any CPU.ActiveCfg = Debug|Any CPU
		{C8E28263-8A58-474C-8D7E-7DD7F3B8C3C8}.Debug|Any CPU.Build.0 = Debug|Any CPU
		{C8E28263-8A58-474C-8D7E-7DD7F3B8C3C8}.Release|Any CPU.ActiveCfg = Release|Any CPU
		{C8E28263-8A58-474C-8D7E-7DD7F3B8C3C8}.Release|Any CPU.Build.0 = Release|Any CPU
		{632B6C46-DFE0-4E86-B09E-4930E68038EB}.Debug|Any CPU.ActiveCfg = Debug|Any CPU
		{632B6C46-DFE0-4E86-B09E-4930E68038EB}.Debug|Any CPU.Build.0 = Debug|Any CPU
		{632B6C46-DFE0-4E86-B09E-4930E68038EB}.Release|Any CPU.ActiveCfg = Release|Any CPU
		{632B6C46-DFE0-4E86-B09E-4930E68038EB}.Release|Any CPU.Build.0 = Release|Any CPU
		{6566B2B3-A4AC-428C-97CA-EB1DE598B100}.Debug|Any CPU.ActiveCfg = Debug|Any CPU
		{6566B2B3-A4AC-428C-97CA-EB1DE598B100}.Debug|Any CPU.Build.0 = Debug|Any CPU
		{6566B2B3-A4AC-428C-97CA-EB1DE598B100}.Release|Any CPU.ActiveCfg = Release|Any CPU
		{6566B2B3-A4AC-428C-97CA-EB1DE598B100}.Release|Any CPU.Build.0 = Release|Any CPU
		{43C6B486-AFDB-4D71-9F13-91886BA62666}.Debug|Any CPU.ActiveCfg = Debug|Any CPU
		{43C6B486-AFDB-4D71-9F13-91886BA62666}.Debug|Any CPU.Build.0 = Debug|Any CPU
		{43C6B486-AFDB-4D71-9F13-91886BA62666}.Release|Any CPU.ActiveCfg = Release|Any CPU
		{43C6B486-AFDB-4D71-9F13-91886BA62666}.Release|Any CPU.Build.0 = Release|Any CPU
		{11D01CC5-998D-4DE4-8E82-7EAC9C1A689C}.Debug|Any CPU.ActiveCfg = Debug|Any CPU
		{11D01CC5-998D-4DE4-8E82-7EAC9C1A689C}.Debug|Any CPU.Build.0 = Debug|Any CPU
		{11D01CC5-998D-4DE4-8E82-7EAC9C1A689C}.Release|Any CPU.ActiveCfg = Release|Any CPU
		{11D01CC5-998D-4DE4-8E82-7EAC9C1A689C}.Release|Any CPU.Build.0 = Release|Any CPU
		{0468B636-5FFE-4E47-8DF1-5A56069B5FF0}.Debug|Any CPU.ActiveCfg = Debug|Any CPU
		{0468B636-5FFE-4E47-8DF1-5A56069B5FF0}.Debug|Any CPU.Build.0 = Debug|Any CPU
		{0468B636-5FFE-4E47-8DF1-5A56069B5FF0}.Release|Any CPU.ActiveCfg = Release|Any CPU
		{0468B636-5FFE-4E47-8DF1-5A56069B5FF0}.Release|Any CPU.Build.0 = Release|Any CPU
		{44023FBC-2A10-4D6D-B8CD-8E70A4E4B6A1}.Debug|Any CPU.ActiveCfg = Debug|Any CPU
		{44023FBC-2A10-4D6D-B8CD-8E70A4E4B6A1}.Debug|Any CPU.Build.0 = Debug|Any CPU
		{44023FBC-2A10-4D6D-B8CD-8E70A4E4B6A1}.Release|Any CPU.ActiveCfg = Release|Any CPU
		{44023FBC-2A10-4D6D-B8CD-8E70A4E4B6A1}.Release|Any CPU.Build.0 = Release|Any CPU
		{96D64694-36C9-47BE-9FD8-F75F4B9A6BF9}.Debug|Any CPU.ActiveCfg = Debug|Any CPU
		{96D64694-36C9-47BE-9FD8-F75F4B9A6BF9}.Debug|Any CPU.Build.0 = Debug|Any CPU
		{96D64694-36C9-47BE-9FD8-F75F4B9A6BF9}.Release|Any CPU.ActiveCfg = Release|Any CPU
		{96D64694-36C9-47BE-9FD8-F75F4B9A6BF9}.Release|Any CPU.Build.0 = Release|Any CPU
		{C5A0AA94-A712-42D9-A6F1-C655661DAB02}.Debug|Any CPU.ActiveCfg = Debug|Any CPU
		{C5A0AA94-A712-42D9-A6F1-C655661DAB02}.Debug|Any CPU.Build.0 = Debug|Any CPU
		{C5A0AA94-A712-42D9-A6F1-C655661DAB02}.Release|Any CPU.ActiveCfg = Release|Any CPU
		{C5A0AA94-A712-42D9-A6F1-C655661DAB02}.Release|Any CPU.Build.0 = Release|Any CPU
		{0C169C80-72B3-47EF-B53C-78DA4940A6A8}.Debug|Any CPU.ActiveCfg = Debug|Any CPU
		{0C169C80-72B3-47EF-B53C-78DA4940A6A8}.Debug|Any CPU.Build.0 = Debug|Any CPU
		{0C169C80-72B3-47EF-B53C-78DA4940A6A8}.Release|Any CPU.ActiveCfg = Release|Any CPU
		{0C169C80-72B3-47EF-B53C-78DA4940A6A8}.Release|Any CPU.Build.0 = Release|Any CPU
		{8EF05F04-6F68-4EE5-B310-D555C488F118}.Debug|Any CPU.ActiveCfg = Debug|Any CPU
		{8EF05F04-6F68-4EE5-B310-D555C488F118}.Debug|Any CPU.Build.0 = Debug|Any CPU
		{8EF05F04-6F68-4EE5-B310-D555C488F118}.Release|Any CPU.ActiveCfg = Release|Any CPU
		{8EF05F04-6F68-4EE5-B310-D555C488F118}.Release|Any CPU.Build.0 = Release|Any CPU
		{616C592A-3B58-43CD-88DD-8A5BFE124F00}.Debug|Any CPU.ActiveCfg = Debug|Any CPU
		{616C592A-3B58-43CD-88DD-8A5BFE124F00}.Debug|Any CPU.Build.0 = Debug|Any CPU
		{616C592A-3B58-43CD-88DD-8A5BFE124F00}.Release|Any CPU.ActiveCfg = Release|Any CPU
		{616C592A-3B58-43CD-88DD-8A5BFE124F00}.Release|Any CPU.Build.0 = Release|Any CPU
		{A510AA50-907B-4752-84AA-946FC76A433F}.Debug|Any CPU.ActiveCfg = Debug|Any CPU
		{A510AA50-907B-4752-84AA-946FC76A433F}.Debug|Any CPU.Build.0 = Debug|Any CPU
		{A510AA50-907B-4752-84AA-946FC76A433F}.Release|Any CPU.ActiveCfg = Release|Any CPU
		{A510AA50-907B-4752-84AA-946FC76A433F}.Release|Any CPU.Build.0 = Release|Any CPU
		{ECB41099-9DC7-4ACC-BCC0-364176CB63AE}.Debug|Any CPU.ActiveCfg = Debug|Any CPU
		{ECB41099-9DC7-4ACC-BCC0-364176CB63AE}.Debug|Any CPU.Build.0 = Debug|Any CPU
		{ECB41099-9DC7-4ACC-BCC0-364176CB63AE}.Release|Any CPU.ActiveCfg = Release|Any CPU
		{ECB41099-9DC7-4ACC-BCC0-364176CB63AE}.Release|Any CPU.Build.0 = Release|Any CPU
		{DA1D8028-8D8D-4ACB-BED7-A6516D45CCF8}.Debug|Any CPU.ActiveCfg = Debug|Any CPU
		{DA1D8028-8D8D-4ACB-BED7-A6516D45CCF8}.Debug|Any CPU.Build.0 = Debug|Any CPU
		{DA1D8028-8D8D-4ACB-BED7-A6516D45CCF8}.Release|Any CPU.ActiveCfg = Release|Any CPU
		{DA1D8028-8D8D-4ACB-BED7-A6516D45CCF8}.Release|Any CPU.Build.0 = Release|Any CPU
		{F0ECFCCA-59C2-4C77-934E-B6517E7D524F}.Debug|Any CPU.ActiveCfg = Debug|Any CPU
		{F0ECFCCA-59C2-4C77-934E-B6517E7D524F}.Debug|Any CPU.Build.0 = Debug|Any CPU
		{F0ECFCCA-59C2-4C77-934E-B6517E7D524F}.Release|Any CPU.ActiveCfg = Release|Any CPU
		{F0ECFCCA-59C2-4C77-934E-B6517E7D524F}.Release|Any CPU.Build.0 = Release|Any CPU
		{F8F5666E-D2F2-4BF1-8441-786B5D1A47F6}.Debug|Any CPU.ActiveCfg = Debug|Any CPU
		{F8F5666E-D2F2-4BF1-8441-786B5D1A47F6}.Debug|Any CPU.Build.0 = Debug|Any CPU
		{F8F5666E-D2F2-4BF1-8441-786B5D1A47F6}.Release|Any CPU.ActiveCfg = Release|Any CPU
		{F8F5666E-D2F2-4BF1-8441-786B5D1A47F6}.Release|Any CPU.Build.0 = Release|Any CPU
	EndGlobalSection
	GlobalSection(SolutionProperties) = preSolution
		HideSolutionNode = FALSE
	EndGlobalSection
	GlobalSection(NestedProjects) = preSolution
		{DBFEC595-C94F-4549-8B95-1060D9CAEF5B} = {1C338D31-D3CF-4528-9749-4C649D7E07AB}
		{A8A8B77B-9B7B-4E31-8FCF-62AE866E0EDA} = {1C338D31-D3CF-4528-9749-4C649D7E07AB}
		{9C721378-83FA-4F96-8C0C-29348A57E567} = {1C338D31-D3CF-4528-9749-4C649D7E07AB}
		{970F9AA7-48D5-45C0-8D31-2211FBAEF0F8} = {688FFA99-E918-41CE-9624-08C0828303B3}
		{B3EC6E15-5374-44D9-86B0-613D0239DA02} = {688FFA99-E918-41CE-9624-08C0828303B3}
		{01A15F30-5BE3-460E-96A0-6015B01BDE9A} = {688FFA99-E918-41CE-9624-08C0828303B3}
		{4C647671-B59E-4238-BA05-03D599F805E2} = {E63CB574-D2AA-4DF3-9746-6C1AFF661CA7}
		{C8E28263-8A58-474C-8D7E-7DD7F3B8C3C8} = {E63CB574-D2AA-4DF3-9746-6C1AFF661CA7}
		{632B6C46-DFE0-4E86-B09E-4930E68038EB} = {E63CB574-D2AA-4DF3-9746-6C1AFF661CA7}
		{6566B2B3-A4AC-428C-97CA-EB1DE598B100} = {F2E52D1A-CC98-44DA-A938-22E504D6B12B}
		{43C6B486-AFDB-4D71-9F13-91886BA62666} = {F2E52D1A-CC98-44DA-A938-22E504D6B12B}
		{11D01CC5-998D-4DE4-8E82-7EAC9C1A689C} = {F2E52D1A-CC98-44DA-A938-22E504D6B12B}
		{0468B636-5FFE-4E47-8DF1-5A56069B5FF0} = {D1AD6968-0C63-43B8-B2F2-00D38EEC691A}
		{44023FBC-2A10-4D6D-B8CD-8E70A4E4B6A1} = {D1AD6968-0C63-43B8-B2F2-00D38EEC691A}
		{96D64694-36C9-47BE-9FD8-F75F4B9A6BF9} = {D1AD6968-0C63-43B8-B2F2-00D38EEC691A}
		{C5A0AA94-A712-42D9-A6F1-C655661DAB02} = {F48B65E6-A275-47C1-B9D3-63DE8C8D1497}
		{0C169C80-72B3-47EF-B53C-78DA4940A6A8} = {F48B65E6-A275-47C1-B9D3-63DE8C8D1497}
		{8EF05F04-6F68-4EE5-B310-D555C488F118} = {F48B65E6-A275-47C1-B9D3-63DE8C8D1497}
		{616C592A-3B58-43CD-88DD-8A5BFE124F00} = {4D91D151-0B78-49CF-B5E1-7C7E77111656}
		{A510AA50-907B-4752-84AA-946FC76A433F} = {4D91D151-0B78-49CF-B5E1-7C7E77111656}
		{ECB41099-9DC7-4ACC-BCC0-364176CB63AE} = {4D91D151-0B78-49CF-B5E1-7C7E77111656}
		{DA1D8028-8D8D-4ACB-BED7-A6516D45CCF8} = {4DE2364D-695B-466B-B150-6C7746F01FF3}
		{F0ECFCCA-59C2-4C77-934E-B6517E7D524F} = {4DE2364D-695B-466B-B150-6C7746F01FF3}
		{F8F5666E-D2F2-4BF1-8441-786B5D1A47F6} = {4DE2364D-695B-466B-B150-6C7746F01FF3}
	EndGlobalSection
	GlobalSection(ExtensibilityGlobals) = postSolution
		SolutionGuid = {7341252E-8393-41DF-96AA-A143F7F21BE7}
	EndGlobalSection
EndGlobal
